{
  "version": 4,
  "terraform_version": "1.1.7",
  "serial": 4,
  "lineage": "8fe92982-746c-4949-3dc9-df002ccc8a59",
  "outputs": {},
  "resources": [
    {
      "mode": "data",
      "type": "hcloud_ssh_keys",
      "name": "all_keys",
      "provider": "provider[\"registry.terraform.io/hetznercloud/hcloud\"]",
      "instances": [
        {
          "schema_version": 0,
          "attributes": {
            "id": "5600559-5601630-5740693-5740694-5740695-5740696-5740697",
            "ssh_keys": [
              {
                "fingerprint": "2e:a6:8c:53:24:09:81:55:b0:ac:3b:04:40:c3:31:49",
                "id": 5600559,
                "labels": {},
                "name": "c66_92dfbc9c0eebec890868a1c4cb98977a",
                "public_key": "ssh-rsa AAAAB3NzaC1yc2EAAAADAQABAAABAQCvhHlbGb6K+kV+krVqnAPNzjC8IcL9vBZYlySNxOuBsy76Q61jtvDweGH3S/z4bA+Bx4iIQ/LVOSzunHkLO9eMoFp/R1zNAfasLWakF3v6zD6q/AsaG17DzxFPv++VSDbxHOfCNZQqCnV3zykRJ/mSYW8cojWHT/iZ1kSVq1Dflb3lnvODulZqqdyxNRhVgG1yOdMSQbQ2QsBD6OQ/pw2CYTwLdT4JJVBZBhHKMP5SrRMOfrOh931MAPPw+w4tbA0tKq+ppr59EI4veW61+UWlarR4T3robPalRuFIEJRGc8aTaXr3rhlIsYIqPxU+w59wlB2JtR37Np2J6a6iw9Tx kirill.m@hexlet.io"
              },
              {
                "fingerprint": "de:31:94:1a:9b:33:e3:99:4b:ed:f1:2b:ec:7f:73:e9",
                "id": 5601630,
                "labels": {},
                "name": "c66_8ea2516260858e697f3c80dbe578657b",
                "public_key": "ssh-rsa AAAAB3NzaC1yc2EAAAADAQABAAABAQDxl7D7jxMF1PBA5VHtQ1Zwein4RGwnLUQocYxTVZN0j/SAh5kWN1neUm+JEw9fa8rJi7dXpBtPqUNLz87bcjwl2kBbyik5Az7tqa2X3qXFmWNx3866EYnD/8HIGflYPTYy6MVe6onSyHIpgCMw6Vi8Fb668MSnjNEG1E05118ZsOuCsz4eUuOQNBDv4290Lz2DrChejrRFsCQC+ZXQKj1wI0Y+W46gN5GYvl/xeYPUpTKw6UoOaPVlTTO3ALD9xGiBv0xnUO/X/IoJ0IVPrQjnnLBMaSBKMRgtGFTGB2ypBvIM8H15jojd/KHxSuJkpREjdjQLubGe3ZK4YysobMCh kirill.m@hexlet.io"
              },
              {
                "fingerprint": "e7:e9:27:40:ae:d9:ea:8e:d0:b1:39:ae:08:91:95:ef",
                "id": 5740693,
                "labels": {},
                "name": "sergey.m",
                "public_key": "ssh-rsa AAAAB3NzaC1yc2EAAAADAQABAAABAQDlfv4enEEKrXc6kQahn5VDOKjbsHiaCKUshTokXfvDw34cu3gVELnJxxW5U+sneW7+wZd6IoPVfKhAbbeb64rXp4cBRnZtMDhumPFqGWisrX9+Lzsb4ew8lOoUigtXeEA4JB2NZ0GamFId54KEQjfmmGiZhh1r8FbcaNdieLjvQyno/V95qBmhA7E7iV6EV2ux0hyMCCzdtIiOtrENRaXIrf2qg/WFubj62ySgAG52u/ua5vUxQ/r+z/kylOgS6Cx45T0oxwQ3WpyO3eE1y+UdNF5vgqFiNNHuCjo8c1svA0FPxtshNVk74TiDACEcZqnJwIUoYHq0C0dDUcitdEKT mishin\n"
              },
              {
                "fingerprint": "aa:0e:03:a7:f0:d4:82:c6:fc:2d:64:86:6b:0f:95:70",
                "id": 5740694,
                "labels": {},
                "name": "andrey.m",
                "public_key": "ssh-rsa AAAAB3NzaC1yc2EAAAADAQABAAACAQDOBJq7Ds7K9K6feanGDYFkqQ5xEarow8HgN7FMDT9jSTGZZbKOAk6WK9uxnrDbQ5ex9uIXBsSJc8hawpm9qrTBfcFbUN6nz+SO0xPwReZ3wuvg41RvBIb9kEsvqC0kIgkY5EnDSItB0KFHRrSERwon9pKVBR3+DpGF8DrJbUDCCPlo23VCreFK5RED1aqMB4XoLrehD+CJhJwjpN9LbcVniKtc2+HZdUIzsJ8tXZNlordOgTpoTrZK0PPsr1QEOLljMw9ND/qmMshE9EkYps0+cb8xDv8fvgUAxFsSAf3E7wRaqiNNhhTHZy+6GwoGF1KAAialezowRVkiEg3mjpVfiNWEjNR+VGcLDKhDvbNAeMBMXnYyjvhYGCf9pbe1586+nmRZ+D2mXb9zhL4t7DD3dm6OjWuCr2okyRrzCy23P04xyBdnawwL5rxlbo54Ap0+l2iX7dnemI5ezE2erHgBNZmEhXpXOAq/IQKn9QH6XOzPbUyFM8cneTo46xUtv0Tg2FL4fNRbJM9EAz7hXSmEtSd8MqTdDP7c5GLrKCblygqpO2XeauBO3F/ELh5SY3vwbs5qpp8V4sglCQubt7jARAP7AgPf0nWxc+hVJ0tGFEuHEkeilvLyRDEc8DIWpoLsl3gHqEJF+c7RISIbK6OsDENahlI7kINBHqe4a7oOdw== fakesupp@gmail.com\n"
              },
              {
                "fingerprint": "f7:36:e7:9a:5a:27:35:c9:a4:e8:43:e9:0e:84:e7:d0",
                "id": 5740695,
                "labels": {},
                "name": "stanislav.d",
                "public_key": "ssh-rsa AAAAB3NzaC1yc2EAAAADAQABAAACAQDXrdE/TFobGoafVeKSUIGpO9c2KhCoMVAuSlBwo1EMg2WVhTnrtIxUi+M+1ElX6ZjpycfQ+V4I60eMsTScqbmdXRvVA0KweMTIshqqEvX/OK9MCZfVk96NREkNf/eow/MveBrFOL4AgFUt8TwFWxLHIVGsO40cELQF5daciHvS7ytJxbkw/6Z1QEp77yoqulFs7ujiI1QVMbisy3nEhXyyYaikcssdKD6fKUUaIiUTaUsnidXpf0U6SmIX7FutUkAmev1IXU8MXSm2VoxtQUPmwu5K3z4B1TtNHEO5U5qP+jIQgRvoBSaffQ7mKdkVWUOE/P9ajzwTFEV+ZhwIlx11pgHHX0s9hfPGi03bM77PddBZEOzp0k2DrEoed6o4gZles7rNiTKmL0QISvDkfBb+vE/x4x39jxjVsFlU1rdCMoqtqBmP8J0HU3nBRY0gvOQozRPkvK8FyXf5zCBK1FmP/pVIBSY5hgXKeFZJh8y1TtybBiorG3uHwSEd1VS1LTlp3s1KFcX70V3U8Ey5m+dgkzBCMwr4K3tbQdVHPhx18z3pzgDQyOSmfJ7lgreItV+7bjdrzA8ecjMlVfMJ0hBL0YSDPb/NzeIJ8hukQyeOFThJAeLjTWRqdGKDXPCZ2sTyxhGStL37tcSJhTBZNkW/sDKLme9E9RvtzFDBgdnZkw== stanislav.d@hexlet.io\n"
              },
              {
                "fingerprint": "d1:d2:ab:af:21:db:4f:6c:49:e4:d4:e7:6d:98:b1:ff",
                "id": 5740696,
                "labels": {},
                "name": "andrey.g",
                "public_key": "ssh-rsa AAAAB3NzaC1yc2EAAAADAQABAAABAQCcYwDnEgQ7+wCvu1UZXSeoO578aaqL5kSqYUVCZWuCsN7bFfDFPo0uoxqeR+EQrKigTWESITUuTOIBFgucCxXijzwFOeYnFpIYX1Uz231e7BLDw8ABs/vXTrUoXT4bKWLwy7N7M2elWYjevJ6FDRHj7WA4eLxuksTfgq3kH0MTcWBgMmD0L1rNF0Dx2u+dX8mQBRChi/GE6Ylj7NNFWzFhkh1RFoOgHC9P3HjebAJwuKVlEutnUbfpEj/88cS+6Kmh/qkqmXuzA/KAwUNNhJ1/+fJqFoIT1P7Bc81L3Ez0OlZdsh5/4j3EQXDPqWHSwzVOxhTbD1lRiB4Fwgb7IGdh groza@groza"
              },
              {
                "fingerprint": "f1:71:fa:3b:90:91:20:c3:2e:c5:f7:cd:d3:02:bd:fd",
                "id": 5740697,
                "labels": {},
                "name": "kirill.m",
                "public_key": "ssh-rsa AAAAB3NzaC1yc2EAAAADAQABAAABAQC6iksm2XCHg7SsmBtEDOPI1B1aH0XtmR1InL9wphnICiCnUggi2EIDjxOHVbSnKVIVKgg6roBNBCcYsScWTbZiO9u+KfgMgG6F6H/zyD97TVazlK4wshw8EsZXQhUFPkG3xbyaGNUb82vfjnYuivyj8gQZRM39+jfI/mkKDzwImOE3rmNJoWBodjgLDFFtzM5HmcBqrb1STDjqJwFzrakyHVh7L7Hm9mYWzZNtmPRFzVrYvsrxx8M0QtBEAJx/k4ehHWc6wQR1BnTNGiKxGoiGZG/XPSRqQG+c+l6kxE9041YaBlLhXVjJYfw60xd2qYGRRvpE1p0oLK85LmsVCJcd mokevnin@gmail.com\n"
              }
            ],
            "with_selector": null
          },
          "sensitive_attributes": []
        }
      ]
    },
    {
      "mode": "managed",
      "type": "hcloud_server",
      "name": "devops-example-app",
      "provider": "provider[\"registry.terraform.io/hetznercloud/hcloud\"]",
      "instances": [
        {
          "schema_version": 0,
          "attributes": {
            "backup_window": "",
            "backups": false,
            "datacenter": "hel1-dc2",
            "delete_protection": false,
            "firewall_ids": [],
            "id": "18500771",
            "ignore_remote_firewall_ids": false,
            "image": "docker-ce",
            "ipv4_address": "65.108.149.193",
            "ipv6_address": "2a01:4f9:c010:eaa9::1",
            "ipv6_network": "2a01:4f9:c010:eaa9::/64",
            "iso": null,
            "keep_disk": false,
            "labels": null,
            "location": "hel1",
            "name": "devops-example-app",
            "network": [],
            "placement_group_id": null,
            "rebuild_protection": false,
            "rescue": null,
            "server_type": "cx11",
            "ssh_keys": [
              "c66_92dfbc9c0eebec890868a1c4cb98977a",
              "c66_8ea2516260858e697f3c80dbe578657b",
              "sergey.m",
              "andrey.m",
              "stanislav.d",
              "andrey.g",
              "kirill.m"
            ],
            "status": "running",
            "timeouts": null,
            "user_data": null
          },
          "sensitive_attributes": [],
          "private": "eyJlMmJmYjczMC1lY2FhLTExZTYtOGY4OC0zNDM2M2JjN2M0YzAiOnsiY3JlYXRlIjo1NDAwMDAwMDAwMDAwfX0=",
          "dependencies": ["data.hcloud_ssh_keys.all_keys"]
        }
      ]
    }
  ]
}
